{
  "originHash" : "0a57922c46b6e79b0b4f002858ab591a5552049c9ed8218dd23c47bad188a896",
  "pins" : [
    {
      "identity" : "pageeditormd",
      "kind" : "remoteSourceControl",
      "location" : "https://github.com/Natertot215/PageEditorMD.git",
      "state" : {
        "branch" : "main",
        "revision" : "2985343a4a8cf8737c165813f70de1c04ebe6acc"
      }
    },
    {
      "identity" : "symbolpicker",
      "kind" : "remoteSourceControl",
      "location" : "https://github.com/xnth97/SymbolPicker.git",
      "state" : {
        "revision" : "8bb08c982235b8e601bc500a41e770d7e198759b",
        "version" : "1.6.2"
      }
    },
    {
      "identity" : "yams",
      "kind" : "remoteSourceControl",
      "location" : "https://github.com/jpsim/Yams.git",
      "state" : {
        "revision" : "3d6871d5b4a5cd519adf233fbb576e0a2af71c17",
        "version" : "5.4.0"
      }
    }
  ],
  "version" : 3
}
