// !$*UTF8*$!
{
	archiveVersion = 1;
	classes = {
	};
	objectVersion = 77;
	objects = {

/* Begin PBXBuildFile section */
		5A0E2D7B1F4C8A9D6B3E5012 /* Markdown in Frameworks */ = {isa = PBXBuildFile; productRef = 5A0E2D7B1F4C8A9D6B3E5013 /* Markdown */; };
		5A0E2D7B1F4C8A9D6B3E5020 /* MarkdownPM in Frameworks */ = {isa = PBXBuildFile; productRef = 5A0E2D7B1F4C8A9D6B3E5021 /* MarkdownPM */; };
		8475654BCB51D0B18213B9EB /* Yams in Frameworks */ = {isa = PBXBuildFile; productRef = 5E2C4C707607B1D3CB1123E0 /* Yams */; };
		GRDB5F3E2A1B9C4D8076E5F6 /* GRDB in Frameworks */ = {isa = PBXBuildFile; productRef = GRDB4B8A2D6F1E3C5097B4A3 /* GRDB */; };
		GRDB9E1F5A3B7C2D4608E5F6 /* GRDB in Frameworks */ = {isa = PBXBuildFile; productRef = GRDB7B9C4D2E1F3A6085C3D4 /* GRDB */; };
/* End PBXBuildFile section */

/* Begin PBXContainerItemProxy section */
		545485BF2FB555600076D5F2 /* PBXContainerItemProxy */ = {
			isa = PBXContainerItemProxy;
			containerPortal = 545485A92FB5555E0076D5F2 /* Project object */;
			proxyType = 1;
			remoteGlobalIDString = 545485B02FB5555E0076D5F2;
			remoteInfo = Pommora;
		};
		545485C92FB555600076D5F2 /* PBXContainerItemProxy */ = {
			isa = PBXContainerItemProxy;
			containerPortal = 545485A92FB5555E0076D5F2 /* Project object */;
			proxyType = 1;
			remoteGlobalIDString = 545485B02FB5555E0076D5F2;
			remoteInfo = Pommora;
		};
/* End PBXContainerItemProxy section */

/* Begin PBXFileReference section */
		545485B12FB5555E0076D5F2 /* Pommora.app */ = {isa = PBXFileReference; explicitFileType = wrapper.application; includeInIndex = 0; path = Pommora.app; sourceTree = BUILT_PRODUCTS_DIR; };
		545485BE2FB555600076D5F2 /* PommoraTests.xctest */ = {isa = PBXFileReference; explicitFileType = wrapper.cfbundle; includeInIndex = 0; path = PommoraTests.xctest; sourceTree = BUILT_PRODUCTS_DIR; };
		545485C82FB555600076D5F2 /* PommoraUITests.xctest */ = {isa = PBXFileReference; explicitFileType = wrapper.cfbundle; includeInIndex = 0; path = PommoraUITests.xctest; sourceTree = BUILT_PRODUCTS_DIR; };
/* End PBXFileReference section */

/* Begin PBXFileSystemSynchronizedRootGroup section */
		545485B32FB5555E0076D5F2 /* Pommora */ = {
			isa = PBXFileSystemSynchronizedRootGroup;
			path = Pommora;
			sourceTree = "<group>";
		};
		545485C12FB555600076D5F2 /* PommoraTests */ = {
			isa = PBXFileSystemSynchronizedRootGroup;
			path = PommoraTests;
			sourceTree = "<group>";
		};
		545485CB2FB555600076D5F2 /* PommoraUITests */ = {
			isa = PBXFileSystemSynchronizedRootGroup;
			path = PommoraUITests;
			sourceTree = "<group>";
		};
/* End PBXFileSystemSynchronizedRootGroup section */

/* Begin PBXFrameworksBuildPhase section */
		545485AE2FB5555E0076D5F2 /* Frameworks */ = {
			isa = PBXFrameworksBuildPhase;
			buildActionMask = 2147483647;
			files = (
				5A0E2D7B1F4C8A9D6B3E5012 /* Markdown in Frameworks */,
				5A0E2D7B1F4C8A9D6B3E5020 /* MarkdownPM in Frameworks */,
				8475654BCB51D0B18213B9EB /* Yams in Frameworks */,
				GRDB9E1F5A3B7C2D4608E5F6 /* GRDB in Frameworks */,
			);
			runOnlyForDeploymentPostprocessing = 0;
		};
		545485BB2FB555600076D5F2 /* Frameworks */ = {
			isa = PBXFrameworksBuildPhase;
			buildActionMask = 2147483647;
			files = (
				GRDB5F3E2A1B9C4D8076E5F6 /* GRDB in Frameworks */,
			);
			runOnlyForDeploymentPostprocessing = 0;
		};
		545485C52FB555600076D5F2 /* Frameworks */ = {
			isa = PBXFrameworksBuildPhase;
			buildActionMask = 2147483647;
			files = (
			);
			runOnlyForDeploymentPostprocessing = 0;
		};
/* End PBXFrameworksBuildPhase section */

/* Begin PBXGroup section */
		545485A82FB5555E0076D5F2 = {
			isa = PBXGroup;
			children = (
				545485B32FB5555E0076D5F2 /* Pommora */,
				545485C12FB555600076D5F2 /* PommoraTests */,
				545485CB2FB555600076D5F2 /* PommoraUITests */,
				545485B22FB5555E0076D5F2 /* Products */,
			);
			sourceTree = "<group>";
		};
		545485B22FB5555E0076D5F2 /* Products */ = {
			isa = PBXGroup;
			children = (
				545485B12FB5555E0076D5F2 /* Pommora.app */,
				545485BE2FB555600076D5F2 /* PommoraTests.xctest */,
				545485C82FB555600076D5F2 /* PommoraUITests.xctest */,
			);
			name = Products;
			sourceTree = "<group>";
		};
/* End PBXGroup section */

/* Begin PBXNativeTarget section */
		545485B02FB5555E0076D5F2 /* Pommora */ = {
			isa = PBXNativeTarget;
			buildConfigurationList = 545485D22FB555600076D5F2 /* Build configuration list for PBXNativeTarget "Pommora" */;
			buildPhases = (
				545485AD2FB5555E0076D5F2 /* Sources */,
				545485AE2FB5555E0076D5F2 /* Frameworks */,
				545485AF2FB5555E0076D5F2 /* Resources */,
			);
			buildRules = (
			);
			dependencies = (
			);
			fileSystemSynchronizedGroups = (
				545485B32FB5555E0076D5F2 /* Pommora */,
			);
			name = Pommora;
			packageProductDependencies = (
				5A0E2D7B1F4C8A9D6B3E5013 /* Markdown */,
				5A0E2D7B1F4C8A9D6B3E5021 /* MarkdownPM */,
				5E2C4C707607B1D3CB1123E0 /* Yams */,
				GRDB7B9C4D2E1F3A6085C3D4 /* GRDB */,
			);
			productName = Pommora;
			productReference = 545485B12FB5555E0076D5F2 /* Pommora.app */;
			productType = "com.apple.product-type.application";
		};
		545485BD2FB555600076D5F2 /* PommoraTests */ = {
			isa = PBXNativeTarget;
			buildConfigurationList = 545485D52FB555600076D5F2 /* Build configuration list for PBXNativeTarget "PommoraTests" */;
			buildPhases = (
				545485BA2FB555600076D5F2 /* Sources */,
				545485BB2FB555600076D5F2 /* Frameworks */,
				545485BC2FB555600076D5F2 /* Resources */,
			);
			buildRules = (
			);
			dependencies = (
				545485C02FB555600076D5F2 /* PBXTargetDependency */,
			);
			fileSystemSynchronizedGroups = (
				545485C12FB555600076D5F2 /* PommoraTests */,
			);
			name = PommoraTests;
			packageProductDependencies = (
				GRDB4B8A2D6F1E3C5097B4A3 /* GRDB */,
			);
			productName = PommoraTests;
			productReference = 545485BE2FB555600076D5F2 /* PommoraTests.xctest */;
			productType = "com.apple.product-type.bundle.unit-test";
		};
		545485C72FB555600076D5F2 /* PommoraUITests */ = {
			isa = PBXNativeTarget;
			buildConfigurationList = 545485D82FB555600076D5F2 /* Build configuration list for PBXNativeTarget "PommoraUITests" */;
			buildPhases = (
				545485C42FB555600076D5F2 /* Sources */,
				545485C52FB555600076D5F2 /* Frameworks */,
				545485C62FB555600076D5F2 /* Resources */,
			);
			buildRules = (
			);
			dependencies = (
				545485CA2FB555600076D5F2 /* PBXTargetDependency */,
			);
			fileSystemSynchronizedGroups = (
				545485CB2FB555600076D5F2 /* PommoraUITests */,
			);
			name = PommoraUITests;
			packageProductDependencies = (
			);
			productName = PommoraUITests;
			productReference = 545485C82FB555600076D5F2 /* PommoraUITests.xctest */;
			productType = "com.apple.product-type.bundle.ui-testing";
		};
/* End PBXNativeTarget section */

/* Begin PBXProject section */
		545485A92FB5555E0076D5F2 /* Project object */ = {
			isa = PBXProject;
			attributes = {
				BuildIndependentTargetsInParallel = 1;
				LastSwiftUpdateCheck = 2650;
				LastUpgradeCheck = 2650;
				TargetAttributes = {
					545485B02FB5555E0076D5F2 = {
						CreatedOnToolsVersion = 26.5;
					};
					545485BD2FB555600076D5F2 = {
						CreatedOnToolsVersion = 26.5;
						TestTargetID = 545485B02FB5555E0076D5F2;
					};
					545485C72FB555600076D5F2 = {
						CreatedOnToolsVersion = 26.5;
						TestTargetID = 545485B02FB5555E0076D5F2;
					};
				};
			};
			buildConfigurationList = 545485AC2FB5555E0076D5F2 /* Build configuration list for PBXProject "Pommora" */;
			developmentRegion = en;
			hasScannedForEncodings = 0;
			knownRegions = (
				en,
				Base,
			);
			mainGroup = 545485A82FB5555E0076D5F2;
			minimizedProjectReferenceProxies = 1;
			packageReferences = (
				4443A67854CD971CB2619256 /* XCRemoteSwiftPackageReference "Yams" */,
				GRDB3A7F2C1D8E4B5069A1B2 /* XCRemoteSwiftPackageReference "GRDB" */,
				5A0E2D7B1F4C8A9D6B3E5014 /* XCRemoteSwiftPackageReference "swift-markdown" */,
				5A0E2D7B1F4C8A9D6B3E5022 /* XCLocalSwiftPackageReference "../External/MarkdownPM" */,
			);
			preferredProjectObjectVersion = 77;
			productRefGroup = 545485B22FB5555E0076D5F2 /* Products */;
			projectDirPath = "";
			projectRoot = "";
			targets = (
				545485B02FB5555E0076D5F2 /* Pommora */,
				545485BD2FB555600076D5F2 /* PommoraTests */,
				545485C72FB555600076D5F2 /* PommoraUITests */,
			);
		};
/* End PBXProject section */

/* Begin PBXResourcesBuildPhase section */
		545485AF2FB5555E0076D5F2 /* Resources */ = {
			isa = PBXResourcesBuildPhase;
			buildActionMask = 2147483647;
			files = (
			);
			runOnlyForDeploymentPostprocessing = 0;
		};
		545485BC2FB555600076D5F2 /* Resources */ = {
			isa = PBXResourcesBuildPhase;
			buildActionMask = 2147483647;
			files = (
			);
			runOnlyForDeploymentPostprocessing = 0;
		};
		545485C62FB555600076D5F2 /* Resources */ = {
			isa = PBXResourcesBuildPhase;
			buildActionMask = 2147483647;
			files = (
			);
			runOnlyForDeploymentPostprocessing = 0;
		};
/* End PBXResourcesBuildPhase section */

/* Begin PBXSourcesBuildPhase section */
		545485AD2FB5555E0076D5F2 /* Sources */ = {
			isa = PBXSourcesBuildPhase;
			buildActionMask = 2147483647;
			files = (
			);
			runOnlyForDeploymentPostprocessing = 0;
		};
		545485BA2FB555600076D5F2 /* Sources */ = {
			isa = PBXSourcesBuildPhase;
			buildActionMask = 2147483647;
			files = (
			);
			runOnlyForDeploymentPostprocessing = 0;
		};
		545485C42FB555600076D5F2 /* Sources */ = {
			isa = PBXSourcesBuildPhase;
			buildActionMask = 2147483647;
			files = (
			);
			runOnlyForDeploymentPostprocessing = 0;
		};
/* End PBXSourcesBuildPhase section */

/* Begin PBXTargetDependency section */
		545485C02FB555600076D5F2 /* PBXTargetDependency */ = {
			isa = PBXTargetDependency;
			target = 545485B02FB5555E0076D5F2 /* Pommora */;
			targetProxy = 545485BF2FB555600076D5F2 /* PBXContainerItemProxy */;
		};
		545485CA2FB555600076D5F2 /* PBXTargetDependency */ = {
			isa = PBXTargetDependency;
			target = 545485B02FB5555E0076D5F2 /* Pommora */;
			targetProxy = 545485C92FB555600076D5F2 /* PBXContainerItemProxy */;
		};
/* End PBXTargetDependency section */

/* Begin XCBuildConfiguration section */
		545485D02FB555600076D5F2 /* Debug */ = {
			isa = XCBuildConfiguration;
			buildSettings = {
				ALWAYS_SEARCH_USER_PATHS = NO;
				ASSETCATALOG_COMPILER_GENERATE_SWIFT_ASSET_SYMBOL_EXTENSIONS = YES;
				CLANG_ANALYZER_NONNULL = YES;
				CLANG_ANALYZER_NUMBER_OBJECT_CONVERSION = YES_AGGRESSIVE;
				CLANG_CXX_LANGUAGE_STANDARD = "gnu++20";
				CLANG_ENABLE_MODULES = YES;
				CLANG_ENABLE_OBJC_ARC = YES;
				CLANG_ENABLE_OBJC_WEAK = YES;
				CLANG_WARN_BLOCK_CAPTURE_AUTORELEASING = YES;
				CLANG_WARN_BOOL_CONVERSION = YES;
				CLANG_WARN_COMMA = YES;
				CLANG_WARN_CONSTANT_CONVERSION = YES;
				CLANG_WARN_DEPRECATED_OBJC_IMPLEMENTATIONS = YES;
				CLANG_WARN_DIRECT_OBJC_ISA_USAGE = YES_ERROR;
				CLANG_WARN_DOCUMENTATION_COMMENTS = YES;
				CLANG_WARN_EMPTY_BODY = YES;
				CLANG_WARN_ENUM_CONVERSION = YES;
				CLANG_WARN_INFINITE_RECURSION = YES;
				CLANG_WARN_INT_CONVERSION = YES;
				CLANG_WARN_NON_LITERAL_NULL_CONVERSION = YES;
				CLANG_WARN_OBJC_IMPLICIT_RETAIN_SELF = YES;
				CLANG_WARN_OBJC_LITERAL_CONVERSION = YES;
				CLANG_WARN_OBJC_ROOT_CLASS = YES_ERROR;
				CLANG_WARN_QUOTED_INCLUDE_IN_FRAMEWORK_HEADER = YES;
				CLANG_WARN_RANGE_LOOP_ANALYSIS = YES;
				CLANG_WARN_STRICT_PROTOTYPES = YES;
				CLANG_WARN_SUSPICIOUS_MOVE = YES;
				CLANG_WARN_UNGUARDED_AVAILABILITY = YES_AGGRESSIVE;
				CLANG_WARN_UNREACHABLE_CODE = YES;
				CLANG_WARN__DUPLICATE_METHOD_MATCH = YES;
				COPY_PHASE_STRIP = NO;
				DEBUG_INFORMATION_FORMAT = dwarf;
				ENABLE_STRICT_OBJC_MSGSEND = YES;
				ENABLE_TESTABILITY = YES;
				ENABLE_USER_SCRIPT_SANDBOXING = YES;
				GCC_C_LANGUAGE_STANDARD = gnu17;
				GCC_DYNAMIC_NO_PIC = NO;
				GCC_NO_COMMON_BLOCKS = YES;
				GCC_OPTIMIZATION_LEVEL = 0;
				GCC_PREPROCESSOR_DEFINITIONS = (
					"DEBUG=1",
					"$(inherited)",
				);
				GCC_WARN_64_TO_32_BIT_CONVERSION = YES;
				GCC_WARN_ABOUT_RETURN_TYPE = YES_ERROR;
				GCC_WARN_UNDECLARED_SELECTOR = YES;
				GCC_WARN_UNINITIALIZED_AUTOS = YES_AGGRESSIVE;
				GCC_WARN_UNUSED_FUNCTION = YES;
				GCC_WARN_UNUSED_VARIABLE = YES;
				LOCALIZATION_PREFERS_STRING_CATALOGS = YES;
				MACOSX_DEPLOYMENT_TARGET = 26.4;
				MTL_ENABLE_DEBUG_INFO = INCLUDE_SOURCE;
				MTL_FAST_MATH = YES;
				ONLY_ACTIVE_ARCH = YES;
				SDKROOT = macosx;
				SWIFT_ACTIVE_COMPILATION_CONDITIONS = "DEBUG $(inherited)";
				SWIFT_OPTIMIZATION_LEVEL = "-Onone";
			};
			name = Debug;
		};
		545485D12FB555600076D5F2 /* Release */ = {
			isa = XCBuildConfiguration;
			buildSettings = {
				ALWAYS_SEARCH_USER_PATHS = NO;
				ASSETCATALOG_COMPILER_GENERATE_SWIFT_ASSET_SYMBOL_EXTENSIONS = YES;
				CLANG_ANALYZER_NONNULL = YES;
				CLANG_ANALYZER_NUMBER_OBJECT_CONVERSION = YES_AGGRESSIVE;
				CLANG_CXX_LANGUAGE_STANDARD = "gnu++20";
				CLANG_ENABLE_MODULES = YES;
				CLANG_ENABLE_OBJC_ARC = YES;
				CLANG_ENABLE_OBJC_WEAK = YES;
				CLANG_WARN_BLOCK_CAPTURE_AUTORELEASING = YES;
				CLANG_WARN_BOOL_CONVERSION = YES;
				CLANG_WARN_COMMA = YES;
				CLANG_WARN_CONSTANT_CONVERSION = YES;
				CLANG_WARN_DEPRECATED_OBJC_IMPLEMENTATIONS = YES;
				CLANG_WARN_DIRECT_OBJC_ISA_USAGE = YES_ERROR;
				CLANG_WARN_DOCUMENTATION_COMMENTS = YES;
				CLANG_WARN_EMPTY_BODY = YES;
				CLANG_WARN_ENUM_CONVERSION = YES;
				CLANG_WARN_INFINITE_RECURSION = YES;
				CLANG_WARN_INT_CONVERSION = YES;
				CLANG_WARN_NON_LITERAL_NULL_CONVERSION = YES;
				CLANG_WARN_OBJC_IMPLICIT_RETAIN_SELF = YES;
				CLANG_WARN_OBJC_LITERAL_CONVERSION = YES;
				CLANG_WARN_OBJC_ROOT_CLASS = YES_ERROR;
				CLANG_WARN_QUOTED_INCLUDE_IN_FRAMEWORK_HEADER = YES;
				CLANG_WARN_RANGE_LOOP_ANALYSIS = YES;
				CLANG_WARN_STRICT_PROTOTYPES = YES;
				CLANG_WARN_SUSPICIOUS_MOVE = YES;
				CLANG_WARN_UNGUARDED_AVAILABILITY = YES_AGGRESSIVE;
				CLANG_WARN_UNREACHABLE_CODE = YES;
				CLANG_WARN__DUPLICATE_METHOD_MATCH = YES;
				COPY_PHASE_STRIP = NO;
				DEBUG_INFORMATION_FORMAT = "dwarf-with-dsym";
				ENABLE_NS_ASSERTIONS = NO;
				ENABLE_STRICT_OBJC_MSGSEND = YES;
				ENABLE_USER_SCRIPT_SANDBOXING = YES;
				GCC_C_LANGUAGE_STANDARD = gnu17;
				GCC_NO_COMMON_BLOCKS = YES;
				GCC_WARN_64_TO_32_BIT_CONVERSION = YES;
				GCC_WARN_ABOUT_RETURN_TYPE = YES_ERROR;
				GCC_WARN_UNDECLARED_SELECTOR = YES;
				GCC_WARN_UNINITIALIZED_AUTOS = YES_AGGRESSIVE;
				GCC_WARN_UNUSED_FUNCTION = YES;
				GCC_WARN_UNUSED_VARIABLE = YES;
				LOCALIZATION_PREFERS_STRING_CATALOGS = YES;
				MACOSX_DEPLOYMENT_TARGET = 26.4;
				MTL_ENABLE_DEBUG_INFO = NO;
				MTL_FAST_MATH = YES;
				SDKROOT = macosx;
				SWIFT_COMPILATION_MODE = wholemodule;
			};
			name = Release;
		};
		545485D32FB555600076D5F2 /* Debug */ = {
			isa = XCBuildConfiguration;
			buildSettings = {
				ASSETCATALOG_COMPILER_APPICON_NAME = AppIcon;
				"ASSETCATALOG_COMPILER_APPICON_NAME[sdk=macosx*]" = AppIcon;
				ASSETCATALOG_COMPILER_GLOBAL_ACCENT_COLOR_NAME = AccentColor;
				ASSETCATALOG_COMPILER_INCLUDE_ALL_APPICON_ASSETS = YES;
				CODE_SIGN_ENTITLEMENTS = Pommora/Pommora.entitlements;
				CODE_SIGN_STYLE = Automatic;
				COMBINE_HIDPI_IMAGES = YES;
				CURRENT_PROJECT_VERSION = 1;
				ENABLE_APP_SANDBOX = YES;
				ENABLE_PREVIEWS = YES;
				ENABLE_USER_SELECTED_FILES = readwrite;
				GENERATE_INFOPLIST_FILE = YES;
				INFOPLIST_KEY_NSHumanReadableCopyright = "";
				LD_RUNPATH_SEARCH_PATHS = (
					"$(inherited)",
					"@executable_path/../Frameworks",
				);
				MARKETING_VERSION = 0.4.0;
				PRODUCT_BUNDLE_IDENTIFIER = com.nathantaichman.Pommora;
				PRODUCT_NAME = "$(TARGET_NAME)";
				REGISTER_APP_GROUPS = YES;
				STRING_CATALOG_GENERATE_SYMBOLS = YES;
				SWIFT_APPROACHABLE_CONCURRENCY = YES;
				SWIFT_DEFAULT_ACTOR_ISOLATION = MainActor;
				SWIFT_EMIT_LOC_STRINGS = YES;
				SWIFT_STRICT_CONCURRENCY = complete;
				SWIFT_UPCOMING_FEATURE_EXISTENTIAL_ANY = YES;
				SWIFT_UPCOMING_FEATURE_MEMBER_IMPORT_VISIBILITY = YES;
				SWIFT_VERSION = 6.0;
			};
			name = Debug;
		};
		545485D42FB555600076D5F2 /* Release */ = {
			isa = XCBuildConfiguration;
			buildSettings = {
				ASSETCATALOG_COMPILER_APPICON_NAME = AppIcon;
				ASSETCATALOG_COMPILER_GLOBAL_ACCENT_COLOR_NAME = AccentColor;
				ASSETCATALOG_COMPILER_INCLUDE_ALL_APPICON_ASSETS = YES;
				CODE_SIGN_ENTITLEMENTS = Pommora/Pommora.entitlements;
				CODE_SIGN_STYLE = Automatic;
				COMBINE_HIDPI_IMAGES = YES;
				CURRENT_PROJECT_VERSION = 1;
				ENABLE_APP_SANDBOX = YES;
				ENABLE_PREVIEWS = YES;
				ENABLE_USER_SELECTED_FILES = readwrite;
				GENERATE_INFOPLIST_FILE = YES;
				INFOPLIST_KEY_NSHumanReadableCopyright = "";
				LD_RUNPATH_SEARCH_PATHS = (
					"$(inherited)",
					"@executable_path/../Frameworks",
				);
				MARKETING_VERSION = 0.4.0;
				PRODUCT_BUNDLE_IDENTIFIER = com.nathantaichman.Pommora;
				PRODUCT_NAME = "$(TARGET_NAME)";
				REGISTER_APP_GROUPS = YES;
				STRING_CATALOG_GENERATE_SYMBOLS = YES;
				SWIFT_APPROACHABLE_CONCURRENCY = YES;
				SWIFT_DEFAULT_ACTOR_ISOLATION = MainActor;
				SWIFT_EMIT_LOC_STRINGS = YES;
				SWIFT_STRICT_CONCURRENCY = complete;
				SWIFT_UPCOMING_FEATURE_EXISTENTIAL_ANY = YES;
				SWIFT_UPCOMING_FEATURE_MEMBER_IMPORT_VISIBILITY = YES;
				SWIFT_VERSION = 6.0;
			};
			name = Release;
		};
		545485D62FB555600076D5F2 /* Debug */ = {
			isa = XCBuildConfiguration;
			buildSettings = {
				BUNDLE_LOADER = "$(TEST_HOST)";
				CODE_SIGN_STYLE = Automatic;
				CURRENT_PROJECT_VERSION = 1;
				GENERATE_INFOPLIST_FILE = YES;
				MACOSX_DEPLOYMENT_TARGET = 26.4;
				MARKETING_VERSION = 1.0;
				PRODUCT_BUNDLE_IDENTIFIER = com.nathantaichman.PommoraTests;
				PRODUCT_NAME = "$(TARGET_NAME)";
				STRING_CATALOG_GENERATE_SYMBOLS = NO;
				SWIFT_APPROACHABLE_CONCURRENCY = YES;
				SWIFT_DEFAULT_ACTOR_ISOLATION = MainActor;
				SWIFT_EMIT_LOC_STRINGS = NO;
				SWIFT_STRICT_CONCURRENCY = complete;
				SWIFT_UPCOMING_FEATURE_EXISTENTIAL_ANY = YES;
				SWIFT_UPCOMING_FEATURE_MEMBER_IMPORT_VISIBILITY = YES;
				SWIFT_VERSION = 6.0;
				TEST_HOST = "$(BUILT_PRODUCTS_DIR)/Pommora.app/$(BUNDLE_EXECUTABLE_FOLDER_PATH)/Pommora";
			};
			name = Debug;
		};
		545485D72FB555600076D5F2 /* Release */ = {
			isa = XCBuildConfiguration;
			buildSettings = {
				BUNDLE_LOADER = "$(TEST_HOST)";
				CODE_SIGN_STYLE = Automatic;
				CURRENT_PROJECT_VERSION = 1;
				GENERATE_INFOPLIST_FILE = YES;
				MACOSX_DEPLOYMENT_TARGET = 26.4;
				MARKETING_VERSION = 1.0;
				PRODUCT_BUNDLE_IDENTIFIER = com.nathantaichman.PommoraTests;
				PRODUCT_NAME = "$(TARGET_NAME)";
				STRING_CATALOG_GENERATE_SYMBOLS = NO;
				SWIFT_APPROACHABLE_CONCURRENCY = YES;
				SWIFT_DEFAULT_ACTOR_ISOLATION = MainActor;
				SWIFT_EMIT_LOC_STRINGS = NO;
				SWIFT_STRICT_CONCURRENCY = complete;
				SWIFT_UPCOMING_FEATURE_EXISTENTIAL_ANY = YES;
				SWIFT_UPCOMING_FEATURE_MEMBER_IMPORT_VISIBILITY = YES;
				SWIFT_VERSION = 6.0;
				TEST_HOST = "$(BUILT_PRODUCTS_DIR)/Pommora.app/$(BUNDLE_EXECUTABLE_FOLDER_PATH)/Pommora";
			};
			name = Release;
		};
		545485D92FB555600076D5F2 /* Debug */ = {
			isa = XCBuildConfiguration;
			buildSettings = {
				CODE_SIGN_STYLE = Automatic;
				CURRENT_PROJECT_VERSION = 1;
				GENERATE_INFOPLIST_FILE = YES;
				MARKETING_VERSION = 1.0;
				PRODUCT_BUNDLE_IDENTIFIER = com.nathantaichman.PommoraUITests;
				PRODUCT_NAME = "$(TARGET_NAME)";
				STRING_CATALOG_GENERATE_SYMBOLS = NO;
				SWIFT_APPROACHABLE_CONCURRENCY = YES;
				SWIFT_EMIT_LOC_STRINGS = NO;
				SWIFT_STRICT_CONCURRENCY = complete;
				SWIFT_UPCOMING_FEATURE_EXISTENTIAL_ANY = YES;
				SWIFT_UPCOMING_FEATURE_MEMBER_IMPORT_VISIBILITY = YES;
				SWIFT_VERSION = 6.0;
				TEST_TARGET_NAME = Pommora;
			};
			name = Debug;
		};
		545485DA2FB555600076D5F2 /* Release */ = {
			isa = XCBuildConfiguration;
			buildSettings = {
				CODE_SIGN_STYLE = Automatic;
				CURRENT_PROJECT_VERSION = 1;
				GENERATE_INFOPLIST_FILE = YES;
				MARKETING_VERSION = 1.0;
				PRODUCT_BUNDLE_IDENTIFIER = com.nathantaichman.PommoraUITests;
				PRODUCT_NAME = "$(TARGET_NAME)";
				STRING_CATALOG_GENERATE_SYMBOLS = NO;
				SWIFT_APPROACHABLE_CONCURRENCY = YES;
				SWIFT_EMIT_LOC_STRINGS = NO;
				SWIFT_STRICT_CONCURRENCY = complete;
				SWIFT_UPCOMING_FEATURE_EXISTENTIAL_ANY = YES;
				SWIFT_UPCOMING_FEATURE_MEMBER_IMPORT_VISIBILITY = YES;
				SWIFT_VERSION = 6.0;
				TEST_TARGET_NAME = Pommora;
			};
			name = Release;
		};
/* End XCBuildConfiguration section */

/* Begin XCConfigurationList section */
		545485AC2FB5555E0076D5F2 /* Build configuration list for PBXProject "Pommora" */ = {
			isa = XCConfigurationList;
			buildConfigurations = (
				545485D02FB555600076D5F2 /* Debug */,
				545485D12FB555600076D5F2 /* Release */,
			);
			defaultConfigurationIsVisible = 0;
			defaultConfigurationName = Release;
		};
		545485D22FB555600076D5F2 /* Build configuration list for PBXNativeTarget "Pommora" */ = {
			isa = XCConfigurationList;
			buildConfigurations = (
				545485D32FB555600076D5F2 /* Debug */,
				545485D42FB555600076D5F2 /* Release */,
			);
			defaultConfigurationIsVisible = 0;
			defaultConfigurationName = Release;
		};
		545485D52FB555600076D5F2 /* Build configuration list for PBXNativeTarget "PommoraTests" */ = {
			isa = XCConfigurationList;
			buildConfigurations = (
				545485D62FB555600076D5F2 /* Debug */,
				545485D72FB555600076D5F2 /* Release */,
			);
			defaultConfigurationIsVisible = 0;
			defaultConfigurationName = Release;
		};
		545485D82FB555600076D5F2 /* Build configuration list for PBXNativeTarget "PommoraUITests" */ = {
			isa = XCConfigurationList;
			buildConfigurations = (
				545485D92FB555600076D5F2 /* Debug */,
				545485DA2FB555600076D5F2 /* Release */,
			);
			defaultConfigurationIsVisible = 0;
			defaultConfigurationName = Release;
		};
/* End XCConfigurationList section */

/* Begin XCLocalSwiftPackageReference section */
		5A0E2D7B1F4C8A9D6B3E5022 /* XCLocalSwiftPackageReference "../External/MarkdownPM" */ = {
			isa = XCLocalSwiftPackageReference;
			relativePath = ../External/MarkdownPM;
		};
/* End XCLocalSwiftPackageReference section */

/* Begin XCRemoteSwiftPackageReference section */
		4443A67854CD971CB2619256 /* XCRemoteSwiftPackageReference "Yams" */ = {
			isa = XCRemoteSwiftPackageReference;
			repositoryURL = "https://github.com/jpsim/Yams.git";
			requirement = {
				kind = upToNextMajorVersion;
				minimumVersion = 5.1.0;
			};
		};
		5A0E2D7B1F4C8A9D6B3E5014 /* XCRemoteSwiftPackageReference "swift-markdown" */ = {
			isa = XCRemoteSwiftPackageReference;
			repositoryURL = "https://github.com/swiftlang/swift-markdown";
			requirement = {
				kind = exactVersion;
				version = 0.8.0;
			};
		};
		GRDB3A7F2C1D8E4B5069A1B2 /* XCRemoteSwiftPackageReference "GRDB" */ = {
			isa = XCRemoteSwiftPackageReference;
			repositoryURL = "https://github.com/groue/GRDB.swift";
			requirement = {
				kind = upToNextMajorVersion;
				minimumVersion = 6.0.0;
			};
		};
/* End XCRemoteSwiftPackageReference section */

/* Begin XCSwiftPackageProductDependency section */
		5A0E2D7B1F4C8A9D6B3E5013 /* Markdown */ = {
			isa = XCSwiftPackageProductDependency;
			package = 5A0E2D7B1F4C8A9D6B3E5014 /* XCRemoteSwiftPackageReference "swift-markdown" */;
			productName = Markdown;
		};
		5A0E2D7B1F4C8A9D6B3E5021 /* MarkdownPM */ = {
			isa = XCSwiftPackageProductDependency;
			package = 5A0E2D7B1F4C8A9D6B3E5022 /* XCLocalSwiftPackageReference "../External/MarkdownPM" */;
			productName = MarkdownPM;
		};
		5E2C4C707607B1D3CB1123E0 /* Yams */ = {
			isa = XCSwiftPackageProductDependency;
			package = 4443A67854CD971CB2619256 /* XCRemoteSwiftPackageReference "Yams" */;
			productName = Yams;
		};
		GRDB4B8A2D6F1E3C5097B4A3 /* GRDB */ = {
			isa = XCSwiftPackageProductDependency;
			package = GRDB3A7F2C1D8E4B5069A1B2 /* XCRemoteSwiftPackageReference "GRDB" */;
			productName = GRDB;
		};
		GRDB7B9C4D2E1F3A6085C3D4 /* GRDB */ = {
			isa = XCSwiftPackageProductDependency;
			package = GRDB3A7F2C1D8E4B5069A1B2 /* XCRemoteSwiftPackageReference "GRDB" */;
			productName = GRDB;
		};
/* End XCSwiftPackageProductDependency section */
	};
	rootObject = 545485A92FB5555E0076D5F2 /* Project object */;
}
